// !$*UTF8*$!
{
	archiveVersion = 1;
	classes = {
	};
	objectVersion = 46;
	objects = {

/* Begin PBXBuildFile section */
		7DA7493B1B580184003A1069 /* Letter Landscape.layout in CopyFiles */ = {isa = PBXBuildFile; fileRef = 7DA7493A1B58017A003A1069 /* Letter Landscape.layout */; };
		7DFC39A01B585E62009F12CC /* SimpleHouse.skp in CopyFiles */ = {isa = PBXBuildFile; fileRef = 7DFC399F1B585E5B009F12CC /* SimpleHouse.skp */; };
		80E047B41CD91BB3005267AE /* LayOutAPI.framework in Frameworks */ = {isa = PBXBuildFile; fileRef = 80E047B21CD91BB3005267AE /* LayOutAPI.framework */; };
		80E047B51CD91BB3005267AE /* SketchUpAPI.framework in Frameworks */ = {isa = PBXBuildFile; fileRef = 80E047B31CD91BB3005267AE /* SketchUpAPI.framework */; };
		80E047B61CD91C11005267AE /* LayOutAPI.framework in CopyFiles */ = {isa = PBXBuildFile; fileRef = 80E047B21CD91BB3005267AE /* LayOutAPI.framework */; };
		80E047B71CD91C11005267AE /* SketchUpAPI.framework in CopyFiles */ = {isa = PBXBuildFile; fileRef = 80E047B31CD91BB3005267AE /* SketchUpAPI.framework */; };
		854379021B3B4D4700D06CE6 /* main.cpp in Sources */ = {isa = PBXBuildFile; fileRef = 85BBA6BF1AEABAF300CCC433 /* main.cpp */; };
/* End PBXBuildFile section */

/* Begin PBXCopyFilesBuildPhase section */
		85BBA6BA1AEABAF300CCC433 /* CopyFiles */ = {
			isa = PBXCopyFilesBuildPhase;
			buildActionMask = 12;
			dstPath = "";
			dstSubfolderSpec = 16;
			files = (
				80E047B61CD91C11005267AE /* LayOutAPI.framework in CopyFiles */,
				80E047B71CD91C11005267AE /* SketchUpAPI.framework in CopyFiles */,
				7DFC39A01B585E62009F12CC /* SimpleHouse.skp in CopyFiles */,
				7DA7493B1B580184003A1069 /* Letter Landscape.layout in CopyFiles */,
			);
			runOnlyForDeploymentPostprocessing = 0;
		};
/* End PBXCopyFilesBuildPhase section */

/* Begin PBXFileReference section */
		7DA7493A1B58017A003A1069 /* Letter Landscape.layout */ = {isa = PBXFileReference; lastKnownFileType = file; path = "Letter Landscape.layout"; sourceTree = "<group>"; };
		7DFC399F1B585E5B009F12CC /* SimpleHouse.skp */ = {isa = PBXFileReference; fileEncoding = 4; lastKnownFileType = text; path = SimpleHouse.skp; sourceTree = "<group>"; };
		80E047B21CD91BB3005267AE /* LayOutAPI.framework */ = {isa = PBXFileReference; lastKnownFileType = wrapper.framework; name = LayOutAPI.framework; path = ../../LayOutAPI.framework; sourceTree = "<group>"; };
		80E047B31CD91BB3005267AE /* SketchUpAPI.framework */ = {isa = PBXFileReference; lastKnownFileType = wrapper.framework; name = SketchUpAPI.framework; path = ../../SketchUpAPI.framework; sourceTree = "<group>"; };
		85BBA6BC1AEABAF300CCC433 /* GenerateLayoutFromSkp */ = {isa = PBXFileReference; explicitFileType = "compiled.mach-o.executable"; includeInIndex = 0; path = GenerateLayoutFromSkp; sourceTree = BUILT_PRODUCTS_DIR; };
		85BBA6BF1AEABAF300CCC433 /* main.cpp */ = {isa = PBXFileReference; lastKnownFileType = sourcecode.cpp.cpp; path = main.cpp; sourceTree = SOURCE_ROOT; };
/* End PBXFileReference section */

/* Begin PBXFrameworksBuildPhase section */
		85BBA6B91AEABAF300CCC433 /* Frameworks */ = {
			isa = PBXFrameworksBuildPhase;
			buildActionMask = 2147483647;
			files = (
				80E047B51CD91BB3005267AE /* SketchUpAPI.framework in Frameworks */,
				80E047B41CD91BB3005267AE /* LayOutAPI.framework in Frameworks */,
			);
			runOnlyForDeploymentPostprocessing = 0;
		};
/* End PBXFrameworksBuildPhase section */

/* Begin PBXGroup section */
		7DDA25B81B56FFC600043969 /* Files */ = {
			isa = PBXGroup;
			children = (
				7DFC399F1B585E5B009F12CC /* SimpleHouse.skp */,
				7DA7493A1B58017A003A1069 /* Letter Landscape.layout */,
			);
			name = Files;
			sourceTree = "<group>";
		};
		85BBA6B31AEABAF200CCC433 = {
			isa = PBXGroup;
			children = (
				7DDA25B81B56FFC600043969 /* Files */,
				85BBA6C91AEAE44700CCC433 /* Frameworks */,
				85BBA6BE1AEABAF300CCC433 /* Source */,
				85BBA6BD1AEABAF300CCC433 /* Products */,
			);
			sourceTree = "<group>";
		};
		85BBA6BD1AEABAF300CCC433 /* Products */ = {
			isa = PBXGroup;
			children = (
				85BBA6BC1AEABAF300CCC433 /* GenerateLayoutFromSkp */,
			);
			name = Products;
			sourceTree = "<group>";
		};
		85BBA6BE1AEABAF300CCC433 /* Source */ = {
			isa = PBXGroup;
			children = (
				85BBA6BF1AEABAF300CCC433 /* main.cpp */,
			);
			name = Source;
			path = GenerateLayoutFromSkp;
			sourceTree = "<group>";
		};
		85BBA6C91AEAE44700CCC433 /* Frameworks */ = {
			isa = PBXGroup;
			children = (
				80E047B21CD91BB3005267AE /* LayOutAPI.framework */,
				80E047B31CD91BB3005267AE /* SketchUpAPI.framework */,
			);
			name = Frameworks;
			sourceTree = "<group>";
		};
/* End PBXGroup section */

/* Begin PBXNativeTarget section */
		85BBA6BB1AEABAF300CCC433 /* GenerateLayoutFromSkp */ = {
			isa = PBXNativeTarget;
			buildConfigurationList = 85BBA6C31AEABAF300CCC433 /* Build configuration list for PBXNativeTarget "GenerateLayoutFromSkp" */;
			buildPhases = (
				85BBA6B81AEABAF300CCC433 /* Sources */,
				85BBA6B91AEABAF300CCC433 /* Frameworks */,
				85BBA6BA1AEABAF300CCC433 /* CopyFiles */,
			);
			buildRules = (
			);
			dependencies = (
			);
			name = GenerateLayoutFromSkp;
			productName = GenerateLayoutFromSkp;
			productReference = 85BBA6BC1AEABAF300CCC433 /* GenerateLayoutFromSkp */;
			productType = "com.apple.product-type.tool";
		};
/* End PBXNativeTarget section */

/* Begin PBXProject section */
		85BBA6B41AEABAF200CCC433 /* Project object */ = {
			isa = PBXProject;
			attributes = {
				LastUpgradeCheck = 0720;
				ORGANIZATIONNAME = Trimble;
				TargetAttributes = {
					85BBA6BB1AEABAF300CCC433 = {
						CreatedOnToolsVersion = 6.3.1;
					};
				};
			};
			buildConfigurationList = 85BBA6B71AEABAF300CCC433 /* Build configuration list for PBXProject "GenerateLayoutFromSkp" */;
			compatibilityVersion = "Xcode 3.2";
			developmentRegion = English;
			hasScannedForEncodings = 0;
			knownRegions = (
				en,
			);
			mainGroup = 85BBA6B31AEABAF200CCC433;
			productRefGroup = 85BBA6BD1AEABAF300CCC433 /* Products */;
			projectDirPath = "";
			projectRoot = "";
			targets = (
				85BBA6BB1AEABAF300CCC433 /* GenerateLayoutFromSkp */,
			);
		};
/* End PBXProject section */

/* Begin PBXSourcesBuildPhase section */
		85BBA6B81AEABAF300CCC433 /* Sources */ = {
			isa = PBXSourcesBuildPhase;
			buildActionMask = 2147483647;
			files = (
				854379021B3B4D4700D06CE6 /* main.cpp in Sources */,
			);
			runOnlyForDeploymentPostprocessing = 0;
		};
/* End PBXSourcesBuildPhase section */

/* Begin XCBuildConfiguration section */
		85BBA6C11AEABAF300CCC433 /* Debug */ = {
			isa = XCBuildConfiguration;
			buildSettings = {
				ALWAYS_SEARCH_USER_PATHS = NO;
				CLANG_CXX_LANGUAGE_STANDARD = "c++98";
				CLANG_CXX_LIBRARY = "libstdc++";
				CLANG_ENABLE_MODULES = YES;
				CLANG_ENABLE_OBJC_ARC = YES;
				CLANG_WARN_BOOL_CONVERSION = YES;
				CLANG_WARN_CONSTANT_CONVERSION = YES;
				CLANG_WARN_DIRECT_OBJC_ISA_USAGE = YES_ERROR;
				CLANG_WARN_EMPTY_BODY = YES;
				CLANG_WARN_ENUM_CONVERSION = YES;
				CLANG_WARN_INT_CONVERSION = YES;
				CLANG_WARN_OBJC_ROOT_CLASS = YES_ERROR;
				CLANG_WARN_UNREACHABLE_CODE = YES;
				CLANG_WARN__DUPLICATE_METHOD_MATCH = YES;
				DEBUG_INFORMATION_FORMAT = dwarf;
				ENABLE_STRICT_OBJC_MSGSEND = YES;
				ENABLE_TESTABILITY = YES;
				GCC_C_LANGUAGE_STANDARD = ansi;
				GCC_DYNAMIC_NO_PIC = NO;
				GCC_NO_COMMON_BLOCKS = YES;
				GCC_OPTIMIZATION_LEVEL = 0;
				GCC_PREPROCESSOR_DEFINITIONS = (
					"DEBUG=1",
					"$(inherited)",
				);
				GCC_SYMBOLS_PRIVATE_EXTERN = NO;
				GCC_WARN_64_TO_32_BIT_CONVERSION = YES;
				GCC_WARN_ABOUT_RETURN_TYPE = YES_ERROR;
				GCC_WARN_UNDECLARED_SELECTOR = YES;
				GCC_WARN_UNINITIALIZED_AUTOS = YES_AGGRESSIVE;
				GCC_WARN_UNUSED_FUNCTION = YES;
				GCC_WARN_UNUSED_VARIABLE = YES;
				MTL_ENABLE_DEBUG_INFO = YES;
				ONLY_ACTIVE_ARCH = YES;
				SDKROOT = macosx;
			};
			name = Debug;
		};
		85BBA6C21AEABAF300CCC433 /* Release */ = {
			isa = XCBuildConfiguration;
			buildSettings = {
				ALWAYS_SEARCH_USER_PATHS = NO;
				CLANG_CXX_LANGUAGE_STANDARD = "c++98";
				CLANG_CXX_LIBRARY = "libstdc++";
				CLANG_ENABLE_MODULES = YES;
				CLANG_ENABLE_OBJC_ARC = YES;
				CLANG_WARN_BOOL_CONVERSION = YES;
				CLANG_WARN_CONSTANT_CONVERSION = YES;
				CLANG_WARN_DIRECT_OBJC_ISA_USAGE = YES_ERROR;
				CLANG_WARN_EMPTY_BODY = YES;
				CLANG_WARN_ENUM_CONVERSION = YES;
				CLANG_WARN_INT_CONVERSION = YES;
				CLANG_WARN_OBJC_ROOT_CLASS = YES_ERROR;
				CLANG_WARN_UNREACHABLE_CODE = YES;
				CLANG_WARN__DUPLICATE_METHOD_MATCH = YES;
				DEBUG_INFORMATION_FORMAT = "dwarf-with-dsym";
				ENABLE_NS_ASSERTIONS = NO;
				ENABLE_STRICT_OBJC_MSGSEND = YES;
				GCC_C_LANGUAGE_STANDARD = ansi;
				GCC_NO_COMMON_BLOCKS = YES;
				GCC_WARN_64_TO_32_BIT_CONVERSION = YES;
				GCC_WARN_ABOUT_RETURN_TYPE = YES_ERROR;
				GCC_WARN_UNDECLARED_SELECTOR = YES;
				GCC_WARN_UNINITIALIZED_AUTOS = YES_AGGRESSIVE;
				GCC_WARN_UNUSED_FUNCTION = YES;
				GCC_WARN_UNUSED_VARIABLE = YES;
				MTL_ENABLE_DEBUG_INFO = NO;
				SDKROOT = macosx;
			};
			name = Release;
		};
		85BBA6C41AEABAF300CCC433 /* Debug */ = {
			isa = XCBuildConfiguration;
			buildSettings = {
				FRAMEWORK_SEARCH_PATHS = "$(PROJECT_DIR)/../../";
				LD_RUNPATH_SEARCH_PATHS = "@loader_path";
				PRODUCT_NAME = "$(TARGET_NAME)";
			};
			name = Debug;
		};
		85BBA6C51AEABAF300CCC433 /* Release */ = {
			isa = XCBuildConfiguration;
			buildSettings = {
				FRAMEWORK_SEARCH_PATHS = "$(PROJECT_DIR)/../../";
				LD_RUNPATH_SEARCH_PATHS = "@loader_path";
				PRODUCT_NAME = "$(TARGET_NAME)";
			};
			name = Release;
		};
/* End XCBuildConfiguration section */

/* Begin XCConfigurationList section */
		85BBA6B71AEABAF300CCC433 /* Build configuration list for PBXProject "GenerateLayoutFromSkp" */ = {
			isa = XCConfigurationList;
			buildConfigurations = (
				85BBA6C11AEABAF300CCC433 /* Debug */,
				85BBA6C21AEABAF300CCC433 /* Release */,
			);
			defaultConfigurationIsVisible = 0;
			defaultConfigurationName = Release;
		};
		85BBA6C31AEABAF300CCC433 /* Build configuration list for PBXNativeTarget "GenerateLayoutFromSkp" */ = {
			isa = XCConfigurationList;
			buildConfigurations = (
				85BBA6C41AEABAF300CCC433 /* Debug */,
				85BBA6C51AEABAF300CCC433 /* Release */,
			);
			defaultConfigurationIsVisible = 0;
			defaultConfigurationName = Release;
		};
/* End XCConfigurationList section */
	};
	rootObject = 85BBA6B41AEABAF200CCC433 /* Project object */;
}
