// !$*UTF8*$!
{
	archiveVersion = 1;
	classes = {
	};
	objectVersion = 46;
	objects = {

/* Begin PBXBuildFile section */
		7DCFA7D41F8BD7FA00330D22 /* SketchUpAPI.framework in Frameworks */ = {isa = PBXBuildFile; fileRef = 7DCFA7D31F8BD7FA00330D22 /* SketchUpAPI.framework */; };
		7DCFA7D51F8BD83D00330D22 /* SketchUpAPI.framework in CopyFiles */ = {isa = PBXBuildFile; fileRef = 7DCFA7D31F8BD7FA00330D22 /* SketchUpAPI.framework */; };
		80E047BB1CD91D10005267AE /* LayOutAPI.framework in Frameworks */ = {isa = PBXBuildFile; fileRef = 80E047B91CD91D10005267AE /* LayOutAPI.framework */; };
		80E047BD1CD91D1B005267AE /* LayOutAPI.framework in CopyFiles */ = {isa = PBXBuildFile; fileRef = 80E047B91CD91D10005267AE /* LayOutAPI.framework */; };
		857B018B1B55AAFF007E017A /* main.cpp in Sources */ = {isa = PBXBuildFile; fileRef = 857B018A1B55AAFF007E017A /* main.cpp */; };
/* End PBXBuildFile section */

/* Begin PBXCopyFilesBuildPhase section */
		851D47281B55A828009B92DD /* CopyFiles */ = {
			isa = PBXCopyFilesBuildPhase;
			buildActionMask = 12;
			dstPath = "";
			dstSubfolderSpec = 16;
			files = (
				80E047BD1CD91D1B005267AE /* LayOutAPI.framework in CopyFiles */,
				7DCFA7D51F8BD83D00330D22 /* SketchUpAPI.framework in CopyFiles */,
			);
			runOnlyForDeploymentPostprocessing = 0;
		};
/* End PBXCopyFilesBuildPhase section */

/* Begin PBXFileReference section */
		7DCFA7D31F8BD7FA00330D22 /* SketchUpAPI.framework */ = {isa = PBXFileReference; lastKnownFileType = wrapper.framework; name = SketchUpAPI.framework; path = ../../SketchUpAPI.framework; sourceTree = "<group>"; };
		80E047B91CD91D10005267AE /* LayOutAPI.framework */ = {isa = PBXFileReference; lastKnownFileType = wrapper.framework; name = LayOutAPI.framework; path = ../../LayOutAPI.framework; sourceTree = "<group>"; };
		851D472A1B55A828009B92DD /* TableCreate */ = {isa = PBXFileReference; explicitFileType = "compiled.mach-o.executable"; includeInIndex = 0; path = TableCreate; sourceTree = BUILT_PRODUCTS_DIR; };
		857B018A1B55AAFF007E017A /* main.cpp */ = {isa = PBXFileReference; fileEncoding = 4; lastKnownFileType = sourcecode.cpp.cpp; path = main.cpp; sourceTree = "<group>"; };
/* End PBXFileReference section */

/* Begin PBXFrameworksBuildPhase section */
		851D47271B55A828009B92DD /* Frameworks */ = {
			isa = PBXFrameworksBuildPhase;
			buildActionMask = 2147483647;
			files = (
				7DCFA7D41F8BD7FA00330D22 /* SketchUpAPI.framework in Frameworks */,
				80E047BB1CD91D10005267AE /* LayOutAPI.framework in Frameworks */,
			);
			runOnlyForDeploymentPostprocessing = 0;
		};
/* End PBXFrameworksBuildPhase section */

/* Begin PBXGroup section */
		80E047B81CD91D00005267AE /* Frameworks */ = {
			isa = PBXGroup;
			children = (
				7DCFA7D31F8BD7FA00330D22 /* SketchUpAPI.framework */,
				80E047B91CD91D10005267AE /* LayOutAPI.framework */,
			);
			name = Frameworks;
			sourceTree = "<group>";
		};
		851D47211B55A828009B92DD = {
			isa = PBXGroup;
			children = (
				857B018A1B55AAFF007E017A /* main.cpp */,
				80E047B81CD91D00005267AE /* Frameworks */,
				851D472B1B55A828009B92DD /* Products */,
			);
			sourceTree = "<group>";
		};
		851D472B1B55A828009B92DD /* Products */ = {
			isa = PBXGroup;
			children = (
				851D472A1B55A828009B92DD /* TableCreate */,
			);
			name = Products;
			sourceTree = "<group>";
		};
/* End PBXGroup section */

/* Begin PBXNativeTarget section */
		851D47291B55A828009B92DD /* TableCreate */ = {
			isa = PBXNativeTarget;
			buildConfigurationList = 851D47331B55A828009B92DD /* Build configuration list for PBXNativeTarget "TableCreate" */;
			buildPhases = (
				851D47261B55A828009B92DD /* Sources */,
				851D47271B55A828009B92DD /* Frameworks */,
				851D47281B55A828009B92DD /* CopyFiles */,
			);
			buildRules = (
			);
			dependencies = (
			);
			name = TableCreate;
			productName = LayOutExporter;
			productReference = 851D472A1B55A828009B92DD /* TableCreate */;
			productType = "com.apple.product-type.tool";
		};
/* End PBXNativeTarget section */

/* Begin PBXProject section */
		851D47221B55A828009B92DD /* Project object */ = {
			isa = PBXProject;
			attributes = {
				LastUpgradeCheck = 0720;
				ORGANIZATIONNAME = "LayOut Team";
			};
			buildConfigurationList = 851D47251B55A828009B92DD /* Build configuration list for PBXProject "TableCreate" */;
			compatibilityVersion = "Xcode 3.2";
			developmentRegion = English;
			hasScannedForEncodings = 0;
			knownRegions = (
				en,
			);
			mainGroup = 851D47211B55A828009B92DD;
			productRefGroup = 851D472B1B55A828009B92DD /* Products */;
			projectDirPath = "";
			projectRoot = "";
			targets = (
				851D47291B55A828009B92DD /* TableCreate */,
			);
		};
/* End PBXProject section */

/* Begin PBXSourcesBuildPhase section */
		851D47261B55A828009B92DD /* Sources */ = {
			isa = PBXSourcesBuildPhase;
			buildActionMask = 2147483647;
			files = (
				857B018B1B55AAFF007E017A /* main.cpp in Sources */,
			);
			runOnlyForDeploymentPostprocessing = 0;
		};
/* End PBXSourcesBuildPhase section */

/* Begin XCBuildConfiguration section */
		851D47311B55A828009B92DD /* Debug */ = {
			isa = XCBuildConfiguration;
			buildSettings = {
				ALWAYS_SEARCH_USER_PATHS = NO;
				CLANG_CXX_LANGUAGE_STANDARD = "gnu++0x";
				CLANG_CXX_LIBRARY = "libc++";
				CLANG_ENABLE_MODULES = YES;
				CLANG_ENABLE_OBJC_ARC = YES;
				CLANG_WARN_BOOL_CONVERSION = YES;
				CLANG_WARN_CONSTANT_CONVERSION = YES;
				CLANG_WARN_DIRECT_OBJC_ISA_USAGE = YES_ERROR;
				CLANG_WARN_EMPTY_BODY = YES;
				CLANG_WARN_ENUM_CONVERSION = YES;
				CLANG_WARN_INT_CONVERSION = YES;
				CLANG_WARN_OBJC_ROOT_CLASS = YES_ERROR;
				CLANG_WARN__DUPLICATE_METHOD_MATCH = YES;
				COPY_PHASE_STRIP = NO;
				ENABLE_TESTABILITY = YES;
				GCC_C_LANGUAGE_STANDARD = gnu99;
				GCC_DYNAMIC_NO_PIC = NO;
				GCC_ENABLE_OBJC_EXCEPTIONS = YES;
				GCC_OPTIMIZATION_LEVEL = 0;
				GCC_PREPROCESSOR_DEFINITIONS = (
					"DEBUG=1",
					"$(inherited)",
				);
				GCC_SYMBOLS_PRIVATE_EXTERN = NO;
				GCC_WARN_64_TO_32_BIT_CONVERSION = YES;
				GCC_WARN_ABOUT_RETURN_TYPE = YES_ERROR;
				GCC_WARN_UNDECLARED_SELECTOR = YES;
				GCC_WARN_UNINITIALIZED_AUTOS = YES_AGGRESSIVE;
				GCC_WARN_UNUSED_FUNCTION = YES;
				GCC_WARN_UNUSED_VARIABLE = YES;
				MACOSX_DEPLOYMENT_TARGET = 10.10;
				ONLY_ACTIVE_ARCH = YES;
				SDKROOT = macosx;
			};
			name = Debug;
		};
		851D47321B55A828009B92DD /* Release */ = {
			isa = XCBuildConfiguration;
			buildSettings = {
				ALWAYS_SEARCH_USER_PATHS = NO;
				CLANG_CXX_LANGUAGE_STANDARD = "gnu++0x";
				CLANG_CXX_LIBRARY = "libc++";
				CLANG_ENABLE_MODULES = YES;
				CLANG_ENABLE_OBJC_ARC = YES;
				CLANG_WARN_BOOL_CONVERSION = YES;
				CLANG_WARN_CONSTANT_CONVERSION = YES;
				CLANG_WARN_DIRECT_OBJC_ISA_USAGE = YES_ERROR;
				CLANG_WARN_EMPTY_BODY = YES;
				CLANG_WARN_ENUM_CONVERSION = YES;
				CLANG_WARN_INT_CONVERSION = YES;
				CLANG_WARN_OBJC_ROOT_CLASS = YES_ERROR;
				CLANG_WARN__DUPLICATE_METHOD_MATCH = YES;
				COPY_PHASE_STRIP = YES;
				DEBUG_INFORMATION_FORMAT = "dwarf-with-dsym";
				ENABLE_NS_ASSERTIONS = NO;
				GCC_C_LANGUAGE_STANDARD = gnu99;
				GCC_ENABLE_OBJC_EXCEPTIONS = YES;
				GCC_WARN_64_TO_32_BIT_CONVERSION = YES;
				GCC_WARN_ABOUT_RETURN_TYPE = YES_ERROR;
				GCC_WARN_UNDECLARED_SELECTOR = YES;
				GCC_WARN_UNINITIALIZED_AUTOS = YES_AGGRESSIVE;
				GCC_WARN_UNUSED_FUNCTION = YES;
				GCC_WARN_UNUSED_VARIABLE = YES;
				MACOSX_DEPLOYMENT_TARGET = 10.10;
				SDKROOT = macosx;
			};
			name = Release;
		};
		851D47341B55A828009B92DD /* Debug */ = {
			isa = XCBuildConfiguration;
			buildSettings = {
				FRAMEWORK_SEARCH_PATHS = "$(PROJECT_DIR)/../../";
				LD_RUNPATH_SEARCH_PATHS = "@loader_path";
				PRODUCT_NAME = TableCreate;
			};
			name = Debug;
		};
		851D47351B55A828009B92DD /* Release */ = {
			isa = XCBuildConfiguration;
			buildSettings = {
				FRAMEWORK_SEARCH_PATHS = "$(PROJECT_DIR)/../../";
				LD_RUNPATH_SEARCH_PATHS = "@loader_path";
				PRODUCT_NAME = TableCreate;
			};
			name = Release;
		};
/* End XCBuildConfiguration section */

/* Begin XCConfigurationList section */
		851D47251B55A828009B92DD /* Build configuration list for PBXProject "TableCreate" */ = {
			isa = XCConfigurationList;
			buildConfigurations = (
				851D47311B55A828009B92DD /* Debug */,
				851D47321B55A828009B92DD /* Release */,
			);
			defaultConfigurationIsVisible = 0;
			defaultConfigurationName = Release;
		};
		851D47331B55A828009B92DD /* Build configuration list for PBXNativeTarget "TableCreate" */ = {
			isa = XCConfigurationList;
			buildConfigurations = (
				851D47341B55A828009B92DD /* Debug */,
				851D47351B55A828009B92DD /* Release */,
			);
			defaultConfigurationIsVisible = 0;
			defaultConfigurationName = Release;
		};
/* End XCConfigurationList section */
	};
	rootObject = 851D47221B55A828009B92DD /* Project object */;
}
