// !$*UTF8*$!
{
	archiveVersion = 1;
	classes = {
	};
	objectVersion = 46;
	objects = {

/* Begin PBXBuildFile section */
		3361266516E7EBC700B366AE /* tinyxml2.cpp in Sources */ = {isa = PBXBuildFile; fileRef = 3361265E16E7EBC700B366AE /* tinyxml2.cpp */; };
		3361266716E7EBC700B366AE /* xmlfile.cpp in Sources */ = {isa = PBXBuildFile; fileRef = 3361266116E7EBC700B366AE /* xmlfile.cpp */; };
		3361266916E7EBC700B366AE /* xmlgeomutils.cpp in Sources */ = {isa = PBXBuildFile; fileRef = 3361266316E7EBC700B366AE /* xmlgeomutils.cpp */; };
		3B95A3BE074A770000E921D5 /* XmlImporterPlugin.mm in Sources */ = {isa = PBXBuildFile; fileRef = 3B95A3BC074A770000E921D5 /* XmlImporterPlugin.mm */; };
		3B95A3FA074A793D00E921D5 /* XMLImporter.cpp in Sources */ = {isa = PBXBuildFile; fileRef = 3B95A3F8074A793D00E921D5 /* XMLImporter.cpp */; };
		80E047EC1CD92D7F005267AE /* SketchUpAPI.framework in Frameworks */ = {isa = PBXBuildFile; fileRef = 80E047EB1CD92D7F005267AE /* SketchUpAPI.framework */; };
		8148E6AE16A83FFA00419F87 /* xmlplugin.cpp in Sources */ = {isa = PBXBuildFile; fileRef = 8148E6AC16A83FFA00419F87 /* xmlplugin.cpp */; };
		81BFA18E1697354A00151621 /* OptionsDialog.xib in Resources */ = {isa = PBXBuildFile; fileRef = 81BFA18C1697354A00151621 /* OptionsDialog.xib */; };
		8D5B49B0048680CD000E48DA /* InfoPlist.strings in Resources */ = {isa = PBXBuildFile; fileRef = 089C167DFE841241C02AAC07 /* InfoPlist.strings */; };
		C8343420167A4EC400DA0562 /* Cocoa.framework in Frameworks */ = {isa = PBXBuildFile; fileRef = C834341F167A4EBE00DA0562 /* Cocoa.framework */; };
/* End PBXBuildFile section */

/* Begin PBXBuildRule section */
		11B9F6E408E33489000297C7 /* PBXBuildRule */ = {
			isa = PBXBuildRule;
			compilerSpec = com.apple.compilers.gcc.4_0;
			fileType = sourcecode.cpp;
			isEditable = 1;
			outputFiles = (
			);
		};
/* End PBXBuildRule section */

/* Begin PBXCopyFilesBuildPhase section */
		C3590F7F161C8AD0007850CC /* Copy External Localized Strings */ = {
			isa = PBXCopyFilesBuildPhase;
			buildActionMask = 2147483647;
			dstPath = English.lproj;
			dstSubfolderSpec = 7;
			files = (
			);
			name = "Copy External Localized Strings";
			runOnlyForDeploymentPostprocessing = 0;
		};
/* End PBXCopyFilesBuildPhase section */

/* Begin PBXFileReference section */
		089C167EFE841241C02AAC07 /* English */ = {isa = PBXFileReference; fileEncoding = 10; lastKnownFileType = text.plist.strings; name = English; path = English.lproj/InfoPlist.strings; sourceTree = "<group>"; };
		3361265E16E7EBC700B366AE /* tinyxml2.cpp */ = {isa = PBXFileReference; fileEncoding = 4; lastKnownFileType = sourcecode.cpp.cpp; name = tinyxml2.cpp; path = ../../common/tinyxml2.cpp; sourceTree = "<group>"; };
		3361265F16E7EBC700B366AE /* tinyxml2.h */ = {isa = PBXFileReference; fileEncoding = 4; lastKnownFileType = sourcecode.c.h; name = tinyxml2.h; path = ../../common/tinyxml2.h; sourceTree = "<group>"; };
		3361266016E7EBC700B366AE /* utils.h */ = {isa = PBXFileReference; fileEncoding = 4; lastKnownFileType = sourcecode.c.h; name = utils.h; path = ../../common/utils.h; sourceTree = "<group>"; };
		3361266116E7EBC700B366AE /* xmlfile.cpp */ = {isa = PBXFileReference; fileEncoding = 4; lastKnownFileType = sourcecode.cpp.cpp; name = xmlfile.cpp; path = ../../common/xmlfile.cpp; sourceTree = "<group>"; };
		3361266216E7EBC700B366AE /* xmlfile.h */ = {isa = PBXFileReference; fileEncoding = 4; lastKnownFileType = sourcecode.c.h; name = xmlfile.h; path = ../../common/xmlfile.h; sourceTree = "<group>"; };
		3361266316E7EBC700B366AE /* xmlgeomutils.cpp */ = {isa = PBXFileReference; fileEncoding = 4; lastKnownFileType = sourcecode.cpp.cpp; name = xmlgeomutils.cpp; path = ../../common/xmlgeomutils.cpp; sourceTree = "<group>"; };
		3361266416E7EBC700B366AE /* xmlgeomutils.h */ = {isa = PBXFileReference; fileEncoding = 4; lastKnownFileType = sourcecode.c.h; name = xmlgeomutils.h; path = ../../common/xmlgeomutils.h; sourceTree = "<group>"; };
		33F3CD0C16E9681800EC34B8 /* xmloptions.h */ = {isa = PBXFileReference; fileEncoding = 4; lastKnownFileType = sourcecode.c.h; name = xmloptions.h; path = ../common/xmloptions.h; sourceTree = "<group>"; };
		3B95A3BB074A770000E921D5 /* XmlImporterPlugin.h */ = {isa = PBXFileReference; fileEncoding = 4; lastKnownFileType = sourcecode.c.h; path = XmlImporterPlugin.h; sourceTree = "<group>"; };
		3B95A3BC074A770000E921D5 /* XmlImporterPlugin.mm */ = {isa = PBXFileReference; fileEncoding = 4; lastKnownFileType = sourcecode.cpp.objcpp; path = XmlImporterPlugin.mm; sourceTree = "<group>"; };
		3B95A3F7074A793D00E921D5 /* XMLImporter.h */ = {isa = PBXFileReference; fileEncoding = 4; lastKnownFileType = sourcecode.c.h; name = XMLImporter.h; path = ../Common/XMLImporter.h; sourceTree = SOURCE_ROOT; };
		3B95A3F8074A793D00E921D5 /* XMLImporter.cpp */ = {isa = PBXFileReference; fileEncoding = 4; lastKnownFileType = sourcecode.cpp.cpp; name = XMLImporter.cpp; path = ../Common/XMLImporter.cpp; sourceTree = SOURCE_ROOT; };
		80E047EB1CD92D7F005267AE /* SketchUpAPI.framework */ = {isa = PBXFileReference; lastKnownFileType = wrapper.framework; name = SketchUpAPI.framework; path = ../../../SketchUpAPI.framework; sourceTree = "<group>"; };
		8148E6AC16A83FFA00419F87 /* xmlplugin.cpp */ = {isa = PBXFileReference; fileEncoding = 4; lastKnownFileType = sourcecode.cpp.cpp; name = xmlplugin.cpp; path = ../plugin/xmlplugin.cpp; sourceTree = "<group>"; };
		8148E6AD16A83FFA00419F87 /* xmlplugin.h */ = {isa = PBXFileReference; fileEncoding = 4; lastKnownFileType = sourcecode.c.h; name = xmlplugin.h; path = ../plugin/xmlplugin.h; sourceTree = "<group>"; };
		81BFA18D1697354A00151621 /* English */ = {isa = PBXFileReference; lastKnownFileType = file.xib; name = English; path = English.lproj/OptionsDialog.xib; sourceTree = "<group>"; };
		8D5B49B6048680CD000E48DA /* XmlImporter.plugin */ = {isa = PBXFileReference; explicitFileType = wrapper.cfbundle; includeInIndex = 0; path = XmlImporter.plugin; sourceTree = BUILT_PRODUCTS_DIR; };
		8D5B49B7048680CD000E48DA /* Info.plist */ = {isa = PBXFileReference; fileEncoding = 4; lastKnownFileType = text.plist.xml; path = Info.plist; sourceTree = "<group>"; };
		C834341F167A4EBE00DA0562 /* Cocoa.framework */ = {isa = PBXFileReference; lastKnownFileType = wrapper.framework; name = Cocoa.framework; path = System/Library/Frameworks/Cocoa.framework; sourceTree = SDKROOT; };
/* End PBXFileReference section */

/* Begin PBXFrameworksBuildPhase section */
		8D5B49B3048680CD000E48DA /* Frameworks */ = {
			isa = PBXFrameworksBuildPhase;
			buildActionMask = 2147483647;
			files = (
				80E047EC1CD92D7F005267AE /* SketchUpAPI.framework in Frameworks */,
				C8343420167A4EC400DA0562 /* Cocoa.framework in Frameworks */,
			);
			runOnlyForDeploymentPostprocessing = 0;
		};
/* End PBXFrameworksBuildPhase section */

/* Begin PBXGroup section */
		089C166AFE841209C02AAC07 /* XmlImporter */ = {
			isa = PBXGroup;
			children = (
				08FB77AFFE84173DC02AAC07 /* Common */,
				C33A5CC9164AB71200B510B6 /* Plugin */,
				32C88E010371C26100C91783 /* Mac */,
				089C167CFE841241C02AAC07 /* Resources */,
				089C1671FE841209C02AAC07 /* Frameworks */,
				19C28FB8FE9D52D311CA2CBB /* Products */,
			);
			name = XmlImporter;
			sourceTree = "<group>";
		};
		089C1671FE841209C02AAC07 /* Frameworks */ = {
			isa = PBXGroup;
			children = (
				80E047EB1CD92D7F005267AE /* SketchUpAPI.framework */,
				C834341F167A4EBE00DA0562 /* Cocoa.framework */,
			);
			name = Frameworks;
			sourceTree = "<group>";
		};
		089C167CFE841241C02AAC07 /* Resources */ = {
			isa = PBXGroup;
			children = (
				81BFA18C1697354A00151621 /* OptionsDialog.xib */,
				8D5B49B7048680CD000E48DA /* Info.plist */,
				089C167DFE841241C02AAC07 /* InfoPlist.strings */,
			);
			name = Resources;
			sourceTree = "<group>";
		};
		08FB77AFFE84173DC02AAC07 /* Common */ = {
			isa = PBXGroup;
			children = (
				3361265E16E7EBC700B366AE /* tinyxml2.cpp */,
				3361265F16E7EBC700B366AE /* tinyxml2.h */,
				3361266016E7EBC700B366AE /* utils.h */,
				3361266116E7EBC700B366AE /* xmlfile.cpp */,
				3361266216E7EBC700B366AE /* xmlfile.h */,
				3361266316E7EBC700B366AE /* xmlgeomutils.cpp */,
				3361266416E7EBC700B366AE /* xmlgeomutils.h */,
				3B95A3F8074A793D00E921D5 /* XMLImporter.cpp */,
				3B95A3F7074A793D00E921D5 /* XMLImporter.h */,
				33F3CD0C16E9681800EC34B8 /* xmloptions.h */,
			);
			name = Common;
			sourceTree = "<group>";
		};
		19C28FB8FE9D52D311CA2CBB /* Products */ = {
			isa = PBXGroup;
			children = (
				8D5B49B6048680CD000E48DA /* XmlImporter.plugin */,
			);
			name = Products;
			sourceTree = "<group>";
		};
		32C88E010371C26100C91783 /* Mac */ = {
			isa = PBXGroup;
			children = (
				3B95A3BB074A770000E921D5 /* XmlImporterPlugin.h */,
				3B95A3BC074A770000E921D5 /* XmlImporterPlugin.mm */,
			);
			name = Mac;
			sourceTree = "<group>";
		};
		C33A5CC9164AB71200B510B6 /* Plugin */ = {
			isa = PBXGroup;
			children = (
				8148E6AC16A83FFA00419F87 /* xmlplugin.cpp */,
				8148E6AD16A83FFA00419F87 /* xmlplugin.h */,
			);
			name = Plugin;
			sourceTree = "<group>";
		};
/* End PBXGroup section */

/* Begin PBXNativeTarget section */
		8D5B49AC048680CD000E48DA /* XmlImporter */ = {
			isa = PBXNativeTarget;
			buildConfigurationList = 11B9F6E508E33490000297C7 /* Build configuration list for PBXNativeTarget "XmlImporter" */;
			buildPhases = (
				8D5B49B1048680CD000E48DA /* Sources */,
				8D5B49B3048680CD000E48DA /* Frameworks */,
				8D5B49AF048680CD000E48DA /* Resources */,
				C3590F7F161C8AD0007850CC /* Copy External Localized Strings */,
				336BF15A17595C0700F02398 /* ShellScript */,
			);
			buildRules = (
				11B9F6E408E33489000297C7 /* PBXBuildRule */,
			);
			dependencies = (
			);
			name = XmlImporter;
			productInstallPath = "$(HOME)/Library/Bundles";
			productName = XmlImporter;
			productReference = 8D5B49B6048680CD000E48DA /* XmlImporter.plugin */;
			productType = "com.apple.product-type.bundle";
		};
/* End PBXNativeTarget section */

/* Begin PBXProject section */
		089C1669FE841209C02AAC07 /* Project object */ = {
			isa = PBXProject;
			attributes = {
				LastUpgradeCheck = 0720;
			};
			buildConfigurationList = 11B9F6E908E33490000297C7 /* Build configuration list for PBXProject "XmlImporter" */;
			compatibilityVersion = "Xcode 3.2";
			developmentRegion = English;
			hasScannedForEncodings = 1;
			knownRegions = (
				English,
				Japanese,
				French,
				German,
			);
			mainGroup = 089C166AFE841209C02AAC07 /* XmlImporter */;
			projectDirPath = "";
			projectRoot = ../../../../../..;
			targets = (
				8D5B49AC048680CD000E48DA /* XmlImporter */,
			);
		};
/* End PBXProject section */

/* Begin PBXResourcesBuildPhase section */
		8D5B49AF048680CD000E48DA /* Resources */ = {
			isa = PBXResourcesBuildPhase;
			buildActionMask = 2147483647;
			files = (
				8D5B49B0048680CD000E48DA /* InfoPlist.strings in Resources */,
				81BFA18E1697354A00151621 /* OptionsDialog.xib in Resources */,
			);
			runOnlyForDeploymentPostprocessing = 0;
		};
/* End PBXResourcesBuildPhase section */

/* Begin PBXShellScriptBuildPhase section */
		336BF15A17595C0700F02398 /* ShellScript */ = {
			isa = PBXShellScriptBuildPhase;
			buildActionMask = 2147483647;
			files = (
			);
			inputPaths = (
			);
			outputPaths = (
			);
			runOnlyForDeploymentPostprocessing = 0;
			shellPath = /bin/sh;
			shellScript = "xcrun install_name_tool -change @rpath/slapi.framework/Versions/Current/slapi @executable_path/../Frameworks/slapi.framework/Versions/Current/slapi $BUILT_PRODUCTS_DIR/$EXECUTABLE_PATH";
			showEnvVarsInLog = 0;
		};
/* End PBXShellScriptBuildPhase section */

/* Begin PBXSourcesBuildPhase section */
		8D5B49B1048680CD000E48DA /* Sources */ = {
			isa = PBXSourcesBuildPhase;
			buildActionMask = 2147483647;
			files = (
				3B95A3FA074A793D00E921D5 /* XMLImporter.cpp in Sources */,
				3B95A3BE074A770000E921D5 /* XmlImporterPlugin.mm in Sources */,
				8148E6AE16A83FFA00419F87 /* xmlplugin.cpp in Sources */,
				3361266516E7EBC700B366AE /* tinyxml2.cpp in Sources */,
				3361266716E7EBC700B366AE /* xmlfile.cpp in Sources */,
				3361266916E7EBC700B366AE /* xmlgeomutils.cpp in Sources */,
			);
			runOnlyForDeploymentPostprocessing = 0;
		};
/* End PBXSourcesBuildPhase section */

/* Begin PBXVariantGroup section */
		089C167DFE841241C02AAC07 /* InfoPlist.strings */ = {
			isa = PBXVariantGroup;
			children = (
				089C167EFE841241C02AAC07 /* English */,
			);
			name = InfoPlist.strings;
			sourceTree = "<group>";
		};
		81BFA18C1697354A00151621 /* OptionsDialog.xib */ = {
			isa = PBXVariantGroup;
			children = (
				81BFA18D1697354A00151621 /* English */,
			);
			name = OptionsDialog.xib;
			sourceTree = "<group>";
		};
/* End PBXVariantGroup section */

/* Begin XCBuildConfiguration section */
		11B9F6E608E33490000297C7 /* Debug */ = {
			isa = XCBuildConfiguration;
			buildSettings = {
				COMBINE_HIDPI_IMAGES = YES;
				FRAMEWORK_SEARCH_PATHS = (
					"$(inherited)",
					../../../,
				);
				GCC_WARN_ABOUT_DEPRECATED_FUNCTIONS = YES;
				HEADER_SEARCH_PATHS = (
					"$(inherited)",
					../../../../../../,
				);
				INFOPLIST_FILE = Info.plist;
				ONLY_ACTIVE_ARCH = YES;
				PRODUCT_BUNDLE_IDENTIFIER = com.sketchup.importers.xml;
				PRODUCT_NAME = XmlImporter;
				WRAPPER_EXTENSION = plugin;
			};
			name = Debug;
		};
		11B9F6EA08E33490000297C7 /* Debug */ = {
			isa = XCBuildConfiguration;
			buildSettings = {
				ENABLE_TESTABILITY = YES;
				GCC_PRECOMPILE_PREFIX_HEADER = NO;
				GCC_PREFIX_HEADER = "";
				MACOSX_DEPLOYMENT_TARGET = 10.9;
				ONLY_ACTIVE_ARCH = YES;
				SDKROOT = macosx;
				SYMROOT = build;
			};
			name = Debug;
		};
		25AA8CB40AE8322500D4D4F1 /* Release */ = {
			isa = XCBuildConfiguration;
			buildSettings = {
				COMBINE_HIDPI_IMAGES = YES;
				FRAMEWORK_SEARCH_PATHS = (
					"$(inherited)",
					../../../,
				);
				GCC_WARN_ABOUT_DEPRECATED_FUNCTIONS = NO;
				HEADER_SEARCH_PATHS = (
					"$(inherited)",
					../../../../../../,
				);
				INFOPLIST_FILE = Info.plist;
				ONLY_ACTIVE_ARCH = YES;
				PRODUCT_BUNDLE_IDENTIFIER = com.sketchup.importers.xml;
				PRODUCT_NAME = XmlImporter;
				WRAPPER_EXTENSION = plugin;
			};
			name = Release;
		};
		25AA8CB50AE8322500D4D4F1 /* Release */ = {
			isa = XCBuildConfiguration;
			buildSettings = {
				GCC_PRECOMPILE_PREFIX_HEADER = NO;
				GCC_PREFIX_HEADER = "";
				MACOSX_DEPLOYMENT_TARGET = 10.9;
				SDKROOT = macosx;
				SYMROOT = build;
			};
			name = Release;
		};
/* End XCBuildConfiguration section */

/* Begin XCConfigurationList section */
		11B9F6E508E33490000297C7 /* Build configuration list for PBXNativeTarget "XmlImporter" */ = {
			isa = XCConfigurationList;
			buildConfigurations = (
				11B9F6E608E33490000297C7 /* Debug */,
				25AA8CB40AE8322500D4D4F1 /* Release */,
			);
			defaultConfigurationIsVisible = 0;
			defaultConfigurationName = Release;
		};
		11B9F6E908E33490000297C7 /* Build configuration list for PBXProject "XmlImporter" */ = {
			isa = XCConfigurationList;
			buildConfigurations = (
				11B9F6EA08E33490000297C7 /* Debug */,
				25AA8CB50AE8322500D4D4F1 /* Release */,
			);
			defaultConfigurationIsVisible = 0;
			defaultConfigurationName = Release;
		};
/* End XCConfigurationList section */
	};
	rootObject = 089C1669FE841209C02AAC07 /* Project object */;
}
