// !$*UTF8*$!
{
	archiveVersion = 1;
	classes = {
	};
	objectVersion = 46;
	objects = {

/* Begin PBXBuildFile section */
		338A10E819C75E180035C094 /* licensed_ruby_extension.bundle in CopyFiles */ = {isa = PBXBuildFile; fileRef = 33E9E0AA1994156800C33FED /* licensed_ruby_extension.bundle */; };
		33E9E0B21994180400C33FED /* licensed_ruby_extension.cpp in Sources */ = {isa = PBXBuildFile; fileRef = 33E9E0B11994180400C33FED /* licensed_ruby_extension.cpp */; };
		80E047C51CD921EC005267AE /* Ruby.framework in Frameworks */ = {isa = PBXBuildFile; fileRef = 80E047C41CD921EC005267AE /* Ruby.framework */; };
/* End PBXBuildFile section */

/* Begin PBXCopyFilesBuildPhase section */
		338A10E719C75D030035C094 /* CopyFiles */ = {
			isa = PBXCopyFilesBuildPhase;
			buildActionMask = 2147483647;
			dstPath = "$(SRCROOT)/RubyExtension/su_licensedrubyextension/bin64";
			dstSubfolderSpec = 0;
			files = (
				338A10E819C75E180035C094 /* licensed_ruby_extension.bundle in CopyFiles */,
			);
			runOnlyForDeploymentPostprocessing = 0;
		};
/* End PBXCopyFilesBuildPhase section */

/* Begin PBXFileReference section */
		33E9E0AA1994156800C33FED /* licensed_ruby_extension.bundle */ = {isa = PBXFileReference; explicitFileType = archive.ar; includeInIndex = 0; path = licensed_ruby_extension.bundle; sourceTree = BUILT_PRODUCTS_DIR; };
		33E9E0B11994180400C33FED /* licensed_ruby_extension.cpp */ = {isa = PBXFileReference; fileEncoding = 4; lastKnownFileType = sourcecode.cpp.cpp; path = licensed_ruby_extension.cpp; sourceTree = "<group>"; };
		80E047C21CD91FCD005267AE /* SketchUpAPI.framework */ = {isa = PBXFileReference; lastKnownFileType = wrapper.framework; name = SketchUpAPI.framework; path = ../../SketchUpAPI.framework; sourceTree = "<group>"; };
		80E047C41CD921EC005267AE /* Ruby.framework */ = {isa = PBXFileReference; lastKnownFileType = wrapper.framework; name = Ruby.framework; path = "../common/ThirdParty/ruby-2.2.4/lib/mac/Ruby.framework"; sourceTree = "<group>"; };
/* End PBXFileReference section */

/* Begin PBXFrameworksBuildPhase section */
		33E9E0A71994156800C33FED /* Frameworks */ = {
			isa = PBXFrameworksBuildPhase;
			buildActionMask = 2147483647;
			files = (
				80E047C51CD921EC005267AE /* Ruby.framework in Frameworks */,
			);
			runOnlyForDeploymentPostprocessing = 0;
		};
/* End PBXFrameworksBuildPhase section */

/* Begin PBXGroup section */
		33E9E0A11994156800C33FED = {
			isa = PBXGroup;
			children = (
				33E9E0B11994180400C33FED /* licensed_ruby_extension.cpp */,
				33E9E0B519941D1B00C33FED /* Frameworks */,
				33E9E0AB1994156800C33FED /* Products */,
			);
			sourceTree = "<group>";
		};
		33E9E0AB1994156800C33FED /* Products */ = {
			isa = PBXGroup;
			children = (
				33E9E0AA1994156800C33FED /* licensed_ruby_extension.bundle */,
			);
			name = Products;
			sourceTree = "<group>";
		};
		33E9E0B519941D1B00C33FED /* Frameworks */ = {
			isa = PBXGroup;
			children = (
				80E047C21CD91FCD005267AE /* SketchUpAPI.framework */,
				80E047C41CD921EC005267AE /* Ruby.framework */,
			);
			name = Frameworks;
			sourceTree = "<group>";
		};
/* End PBXGroup section */

/* Begin PBXHeadersBuildPhase section */
		33E9E0A81994156800C33FED /* Headers */ = {
			isa = PBXHeadersBuildPhase;
			buildActionMask = 2147483647;
			files = (
			);
			runOnlyForDeploymentPostprocessing = 0;
		};
/* End PBXHeadersBuildPhase section */

/* Begin PBXNativeTarget section */
		33E9E0A91994156800C33FED /* licensed_ruby_extension */ = {
			isa = PBXNativeTarget;
			buildConfigurationList = 33E9E0AE1994156800C33FED /* Build configuration list for PBXNativeTarget "licensed_ruby_extension" */;
			buildPhases = (
				33E9E0A61994156800C33FED /* Sources */,
				33E9E0A71994156800C33FED /* Frameworks */,
				33E9E0A81994156800C33FED /* Headers */,
				338A10E719C75D030035C094 /* CopyFiles */,
			);
			buildRules = (
			);
			dependencies = (
			);
			name = licensed_ruby_extension;
			productName = licensed_ruby_extension;
			productReference = 33E9E0AA1994156800C33FED /* licensed_ruby_extension.bundle */;
			productType = "com.apple.product-type.library.static";
		};
/* End PBXNativeTarget section */

/* Begin PBXProject section */
		33E9E0A21994156800C33FED /* Project object */ = {
			isa = PBXProject;
			attributes = {
				LastUpgradeCheck = 0720;
				ORGANIZATIONNAME = "Bugra Barin";
			};
			buildConfigurationList = 33E9E0A51994156800C33FED /* Build configuration list for PBXProject "licensed_ruby_extension" */;
			compatibilityVersion = "Xcode 3.2";
			developmentRegion = English;
			hasScannedForEncodings = 0;
			knownRegions = (
				en,
			);
			mainGroup = 33E9E0A11994156800C33FED;
			productRefGroup = 33E9E0AB1994156800C33FED /* Products */;
			projectDirPath = "";
			projectRoot = "";
			targets = (
				33E9E0A91994156800C33FED /* licensed_ruby_extension */,
			);
		};
/* End PBXProject section */

/* Begin PBXSourcesBuildPhase section */
		33E9E0A61994156800C33FED /* Sources */ = {
			isa = PBXSourcesBuildPhase;
			buildActionMask = 2147483647;
			files = (
				33E9E0B21994180400C33FED /* licensed_ruby_extension.cpp in Sources */,
			);
			runOnlyForDeploymentPostprocessing = 0;
		};
/* End PBXSourcesBuildPhase section */

/* Begin XCBuildConfiguration section */
		33E9E0AC1994156800C33FED /* Debug */ = {
			isa = XCBuildConfiguration;
			buildSettings = {
				ALWAYS_SEARCH_USER_PATHS = NO;
				CLANG_CXX_LANGUAGE_STANDARD = "gnu++0x";
				CLANG_CXX_LIBRARY = "libc++";
				CLANG_ENABLE_MODULES = YES;
				CLANG_ENABLE_OBJC_ARC = YES;
				CLANG_WARN_BOOL_CONVERSION = YES;
				CLANG_WARN_CONSTANT_CONVERSION = YES;
				CLANG_WARN_DIRECT_OBJC_ISA_USAGE = YES_ERROR;
				CLANG_WARN_EMPTY_BODY = YES;
				CLANG_WARN_ENUM_CONVERSION = YES;
				CLANG_WARN_INT_CONVERSION = YES;
				CLANG_WARN_OBJC_ROOT_CLASS = YES_ERROR;
				CLANG_WARN__DUPLICATE_METHOD_MATCH = YES;
				COPY_PHASE_STRIP = NO;
				ENABLE_TESTABILITY = YES;
				GCC_C_LANGUAGE_STANDARD = gnu99;
				GCC_DYNAMIC_NO_PIC = NO;
				GCC_ENABLE_OBJC_EXCEPTIONS = YES;
				GCC_OPTIMIZATION_LEVEL = 0;
				GCC_PREPROCESSOR_DEFINITIONS = (
					"DEBUG=1",
					"$(inherited)",
				);
				GCC_SYMBOLS_PRIVATE_EXTERN = NO;
				GCC_WARN_64_TO_32_BIT_CONVERSION = YES;
				GCC_WARN_ABOUT_RETURN_TYPE = YES_ERROR;
				GCC_WARN_UNDECLARED_SELECTOR = YES;
				GCC_WARN_UNINITIALIZED_AUTOS = YES_AGGRESSIVE;
				GCC_WARN_UNUSED_FUNCTION = YES;
				GCC_WARN_UNUSED_VARIABLE = YES;
				MACOSX_DEPLOYMENT_TARGET = 10.9;
				ONLY_ACTIVE_ARCH = YES;
				SDKROOT = macosx;
			};
			name = Debug;
		};
		33E9E0AD1994156800C33FED /* Release */ = {
			isa = XCBuildConfiguration;
			buildSettings = {
				ALWAYS_SEARCH_USER_PATHS = NO;
				CLANG_CXX_LANGUAGE_STANDARD = "gnu++0x";
				CLANG_CXX_LIBRARY = "libc++";
				CLANG_ENABLE_MODULES = YES;
				CLANG_ENABLE_OBJC_ARC = YES;
				CLANG_WARN_BOOL_CONVERSION = YES;
				CLANG_WARN_CONSTANT_CONVERSION = YES;
				CLANG_WARN_DIRECT_OBJC_ISA_USAGE = YES_ERROR;
				CLANG_WARN_EMPTY_BODY = YES;
				CLANG_WARN_ENUM_CONVERSION = YES;
				CLANG_WARN_INT_CONVERSION = YES;
				CLANG_WARN_OBJC_ROOT_CLASS = YES_ERROR;
				CLANG_WARN__DUPLICATE_METHOD_MATCH = YES;
				COPY_PHASE_STRIP = YES;
				DEBUG_INFORMATION_FORMAT = "dwarf-with-dsym";
				ENABLE_NS_ASSERTIONS = NO;
				GCC_C_LANGUAGE_STANDARD = gnu99;
				GCC_ENABLE_OBJC_EXCEPTIONS = YES;
				GCC_WARN_64_TO_32_BIT_CONVERSION = YES;
				GCC_WARN_ABOUT_RETURN_TYPE = YES_ERROR;
				GCC_WARN_UNDECLARED_SELECTOR = YES;
				GCC_WARN_UNINITIALIZED_AUTOS = YES_AGGRESSIVE;
				GCC_WARN_UNUSED_FUNCTION = YES;
				GCC_WARN_UNUSED_VARIABLE = YES;
				MACOSX_DEPLOYMENT_TARGET = 10.9;
				SDKROOT = macosx;
			};
			name = Release;
		};
		33E9E0AF1994156800C33FED /* Debug */ = {
			isa = XCBuildConfiguration;
			buildSettings = {
				BUNDLE_LOADER = "/Applications/SketchUp 2017/SketchUp.app/Contents/MacOS/SketchUp";
				COMBINE_HIDPI_IMAGES = YES;
				EXECUTABLE_EXTENSION = bundle;
				EXECUTABLE_PREFIX = "";
				FRAMEWORK_SEARCH_PATHS = (
					"$(inherited)",
					../../,
					"../common/ThirdParty/Ruby-2.2.4/lib/mac",
				);
				HEADER_SEARCH_PATHS = (
					"../common/ThirdParty/Ruby-2.2.4/include/mac",
					"../common/ThirdParty/Ruby-2.2.4/include/mac/x86_64-darwin14",
				);
				MACH_O_TYPE = mh_bundle;
				PRODUCT_NAME = "$(TARGET_NAME)";
			};
			name = Debug;
		};
		33E9E0B01994156800C33FED /* Release */ = {
			isa = XCBuildConfiguration;
			buildSettings = {
				BUNDLE_LOADER = "/Applications/SketchUp 2017/SketchUp.app/Contents/MacOS/SketchUp";
				COMBINE_HIDPI_IMAGES = YES;
				EXECUTABLE_EXTENSION = bundle;
				EXECUTABLE_PREFIX = "";
				FRAMEWORK_SEARCH_PATHS = (
					"$(inherited)",
					../../,
					"../common/ThirdParty/Ruby-2.2.4/lib/mac",
				);
				HEADER_SEARCH_PATHS = (
					"../common/ThirdParty/Ruby-2.2.4/include/mac",
					"../common/ThirdParty/Ruby-2.2.4/include/mac/x86_64-darwin14",
				);
				MACH_O_TYPE = mh_bundle;
				PRODUCT_NAME = "$(TARGET_NAME)";
			};
			name = Release;
		};
/* End XCBuildConfiguration section */

/* Begin XCConfigurationList section */
		33E9E0A51994156800C33FED /* Build configuration list for PBXProject "licensed_ruby_extension" */ = {
			isa = XCConfigurationList;
			buildConfigurations = (
				33E9E0AC1994156800C33FED /* Debug */,
				33E9E0AD1994156800C33FED /* Release */,
			);
			defaultConfigurationIsVisible = 0;
			defaultConfigurationName = Release;
		};
		33E9E0AE1994156800C33FED /* Build configuration list for PBXNativeTarget "licensed_ruby_extension" */ = {
			isa = XCConfigurationList;
			buildConfigurations = (
				33E9E0AF1994156800C33FED /* Debug */,
				33E9E0B01994156800C33FED /* Release */,
			);
			defaultConfigurationIsVisible = 0;
			defaultConfigurationName = Release;
		};
/* End XCConfigurationList section */
	};
	rootObject = 33E9E0A21994156800C33FED /* Project object */;
}
