// !$*UTF8*$!
{
	archiveVersion = 1;
	classes = {
	};
	objectVersion = 46;
	objects = {

/* Begin PBXBuildFile section */
		33437F321999BF3300E59F5A /* main.cpp in Sources */ = {isa = PBXBuildFile; fileRef = 33437F311999BF3300E59F5A /* main.cpp */; };
		80E047E91CD92C8A005267AE /* SketchUpAPI.framework in Frameworks */ = {isa = PBXBuildFile; fileRef = 80E047E81CD92C8A005267AE /* SketchUpAPI.framework */; };
		80E047EA1CD92C96005267AE /* SketchUpAPI.framework in CopyFiles */ = {isa = PBXBuildFile; fileRef = 80E047E81CD92C8A005267AE /* SketchUpAPI.framework */; };
/* End PBXBuildFile section */

/* Begin PBXCopyFilesBuildPhase section */
		33437F231999BE3800E59F5A /* CopyFiles */ = {
			isa = PBXCopyFilesBuildPhase;
			buildActionMask = 12;
			dstPath = "";
			dstSubfolderSpec = 16;
			files = (
				80E047EA1CD92C96005267AE /* SketchUpAPI.framework in CopyFiles */,
			);
			runOnlyForDeploymentPostprocessing = 0;
		};
/* End PBXCopyFilesBuildPhase section */

/* Begin PBXFileReference section */
		33437F251999BE3800E59F5A /* WritingToAskpFile */ = {isa = PBXFileReference; explicitFileType = "compiled.mach-o.executable"; includeInIndex = 0; path = WritingToAskpFile; sourceTree = BUILT_PRODUCTS_DIR; };
		33437F311999BF3300E59F5A /* main.cpp */ = {isa = PBXFileReference; fileEncoding = 4; lastKnownFileType = sourcecode.cpp.cpp; path = main.cpp; sourceTree = SOURCE_ROOT; };
		80E047E81CD92C8A005267AE /* SketchUpAPI.framework */ = {isa = PBXFileReference; lastKnownFileType = wrapper.framework; name = SketchUpAPI.framework; path = ../../SketchUpAPI.framework; sourceTree = "<group>"; };
/* End PBXFileReference section */

/* Begin PBXFrameworksBuildPhase section */
		33437F221999BE3800E59F5A /* Frameworks */ = {
			isa = PBXFrameworksBuildPhase;
			buildActionMask = 2147483647;
			files = (
				80E047E91CD92C8A005267AE /* SketchUpAPI.framework in Frameworks */,
			);
			runOnlyForDeploymentPostprocessing = 0;
		};
/* End PBXFrameworksBuildPhase section */

/* Begin PBXGroup section */
		33437F1C1999BE3800E59F5A = {
			isa = PBXGroup;
			children = (
				33437F271999BE3800E59F5A /* Source */,
				33437F361999BF8000E59F5A /* Frameworks */,
				33437F261999BE3800E59F5A /* Products */,
			);
			sourceTree = "<group>";
		};
		33437F261999BE3800E59F5A /* Products */ = {
			isa = PBXGroup;
			children = (
				33437F251999BE3800E59F5A /* WritingToAskpFile */,
			);
			name = Products;
			sourceTree = "<group>";
		};
		33437F271999BE3800E59F5A /* Source */ = {
			isa = PBXGroup;
			children = (
				33437F311999BF3300E59F5A /* main.cpp */,
			);
			name = Source;
			path = WritingToAskpFile;
			sourceTree = "<group>";
		};
		33437F361999BF8000E59F5A /* Frameworks */ = {
			isa = PBXGroup;
			children = (
				80E047E81CD92C8A005267AE /* SketchUpAPI.framework */,
			);
			name = Frameworks;
			sourceTree = "<group>";
		};
/* End PBXGroup section */

/* Begin PBXNativeTarget section */
		33437F241999BE3800E59F5A /* WritingToAskpFile */ = {
			isa = PBXNativeTarget;
			buildConfigurationList = 33437F2E1999BE3800E59F5A /* Build configuration list for PBXNativeTarget "WritingToAskpFile" */;
			buildPhases = (
				33437F211999BE3800E59F5A /* Sources */,
				33437F221999BE3800E59F5A /* Frameworks */,
				33437F231999BE3800E59F5A /* CopyFiles */,
			);
			buildRules = (
			);
			dependencies = (
			);
			name = WritingToAskpFile;
			productName = WritingToAskpFile;
			productReference = 33437F251999BE3800E59F5A /* WritingToAskpFile */;
			productType = "com.apple.product-type.tool";
		};
/* End PBXNativeTarget section */

/* Begin PBXProject section */
		33437F1D1999BE3800E59F5A /* Project object */ = {
			isa = PBXProject;
			attributes = {
				LastUpgradeCheck = 0510;
				ORGANIZATIONNAME = SketchUp;
			};
			buildConfigurationList = 33437F201999BE3800E59F5A /* Build configuration list for PBXProject "WritingToAskpFile" */;
			compatibilityVersion = "Xcode 3.2";
			developmentRegion = English;
			hasScannedForEncodings = 0;
			knownRegions = (
				en,
			);
			mainGroup = 33437F1C1999BE3800E59F5A;
			productRefGroup = 33437F261999BE3800E59F5A /* Products */;
			projectDirPath = "";
			projectRoot = "";
			targets = (
				33437F241999BE3800E59F5A /* WritingToAskpFile */,
			);
		};
/* End PBXProject section */

/* Begin PBXSourcesBuildPhase section */
		33437F211999BE3800E59F5A /* Sources */ = {
			isa = PBXSourcesBuildPhase;
			buildActionMask = 2147483647;
			files = (
				33437F321999BF3300E59F5A /* main.cpp in Sources */,
			);
			runOnlyForDeploymentPostprocessing = 0;
		};
/* End PBXSourcesBuildPhase section */

/* Begin XCBuildConfiguration section */
		33437F2C1999BE3800E59F5A /* Debug */ = {
			isa = XCBuildConfiguration;
			buildSettings = {
				ALWAYS_SEARCH_USER_PATHS = NO;
				CLANG_CXX_LANGUAGE_STANDARD = "gnu++0x";
				CLANG_CXX_LIBRARY = "libc++";
				CLANG_ENABLE_MODULES = YES;
				CLANG_ENABLE_OBJC_ARC = YES;
				CLANG_WARN_BOOL_CONVERSION = YES;
				CLANG_WARN_CONSTANT_CONVERSION = YES;
				CLANG_WARN_DIRECT_OBJC_ISA_USAGE = YES_ERROR;
				CLANG_WARN_EMPTY_BODY = YES;
				CLANG_WARN_ENUM_CONVERSION = YES;
				CLANG_WARN_INT_CONVERSION = YES;
				CLANG_WARN_OBJC_ROOT_CLASS = YES_ERROR;
				CLANG_WARN__DUPLICATE_METHOD_MATCH = YES;
				COPY_PHASE_STRIP = NO;
				GCC_C_LANGUAGE_STANDARD = gnu99;
				GCC_DYNAMIC_NO_PIC = NO;
				GCC_ENABLE_OBJC_EXCEPTIONS = YES;
				GCC_OPTIMIZATION_LEVEL = 0;
				GCC_PREPROCESSOR_DEFINITIONS = (
					"DEBUG=1",
					"$(inherited)",
				);
				GCC_SYMBOLS_PRIVATE_EXTERN = NO;
				GCC_WARN_64_TO_32_BIT_CONVERSION = YES;
				GCC_WARN_ABOUT_RETURN_TYPE = YES_ERROR;
				GCC_WARN_UNDECLARED_SELECTOR = YES;
				GCC_WARN_UNINITIALIZED_AUTOS = YES_AGGRESSIVE;
				GCC_WARN_UNUSED_FUNCTION = YES;
				GCC_WARN_UNUSED_VARIABLE = YES;
				LD_RUNPATH_SEARCH_PATHS = "@loader_path/";
				MACOSX_DEPLOYMENT_TARGET = 10.9;
				ONLY_ACTIVE_ARCH = YES;
				SDKROOT = macosx;
			};
			name = Debug;
		};
		33437F2D1999BE3800E59F5A /* Release */ = {
			isa = XCBuildConfiguration;
			buildSettings = {
				ALWAYS_SEARCH_USER_PATHS = NO;
				CLANG_CXX_LANGUAGE_STANDARD = "gnu++0x";
				CLANG_CXX_LIBRARY = "libc++";
				CLANG_ENABLE_MODULES = YES;
				CLANG_ENABLE_OBJC_ARC = YES;
				CLANG_WARN_BOOL_CONVERSION = YES;
				CLANG_WARN_CONSTANT_CONVERSION = YES;
				CLANG_WARN_DIRECT_OBJC_ISA_USAGE = YES_ERROR;
				CLANG_WARN_EMPTY_BODY = YES;
				CLANG_WARN_ENUM_CONVERSION = YES;
				CLANG_WARN_INT_CONVERSION = YES;
				CLANG_WARN_OBJC_ROOT_CLASS = YES_ERROR;
				CLANG_WARN__DUPLICATE_METHOD_MATCH = YES;
				COPY_PHASE_STRIP = YES;
				DEBUG_INFORMATION_FORMAT = "dwarf-with-dsym";
				ENABLE_NS_ASSERTIONS = NO;
				GCC_C_LANGUAGE_STANDARD = gnu99;
				GCC_ENABLE_OBJC_EXCEPTIONS = YES;
				GCC_WARN_64_TO_32_BIT_CONVERSION = YES;
				GCC_WARN_ABOUT_RETURN_TYPE = YES_ERROR;
				GCC_WARN_UNDECLARED_SELECTOR = YES;
				GCC_WARN_UNINITIALIZED_AUTOS = YES_AGGRESSIVE;
				GCC_WARN_UNUSED_FUNCTION = YES;
				GCC_WARN_UNUSED_VARIABLE = YES;
				LD_RUNPATH_SEARCH_PATHS = "@loader_path/";
				MACOSX_DEPLOYMENT_TARGET = 10.9;
				SDKROOT = macosx;
			};
			name = Release;
		};
		33437F2F1999BE3800E59F5A /* Debug */ = {
			isa = XCBuildConfiguration;
			buildSettings = {
				FRAMEWORK_SEARCH_PATHS = (
					"$(inherited)",
					../../,
				);
				PRODUCT_NAME = "$(TARGET_NAME)";
			};
			name = Debug;
		};
		33437F301999BE3800E59F5A /* Release */ = {
			isa = XCBuildConfiguration;
			buildSettings = {
				FRAMEWORK_SEARCH_PATHS = (
					"$(inherited)",
					../../,
				);
				PRODUCT_NAME = "$(TARGET_NAME)";
			};
			name = Release;
		};
/* End XCBuildConfiguration section */

/* Begin XCConfigurationList section */
		33437F201999BE3800E59F5A /* Build configuration list for PBXProject "WritingToAskpFile" */ = {
			isa = XCConfigurationList;
			buildConfigurations = (
				33437F2C1999BE3800E59F5A /* Debug */,
				33437F2D1999BE3800E59F5A /* Release */,
			);
			defaultConfigurationIsVisible = 0;
			defaultConfigurationName = Release;
		};
		33437F2E1999BE3800E59F5A /* Build configuration list for PBXNativeTarget "WritingToAskpFile" */ = {
			isa = XCConfigurationList;
			buildConfigurations = (
				33437F2F1999BE3800E59F5A /* Debug */,
				33437F301999BE3800E59F5A /* Release */,
			);
			defaultConfigurationIsVisible = 0;
			defaultConfigurationName = Release;
		};
/* End XCConfigurationList section */
	};
	rootObject = 33437F1D1999BE3800E59F5A /* Project object */;
}
