// !$*UTF8*$!
{
	archiveVersion = 1;
	classes = {
	};
	objectVersion = 46;
	objects = {

/* Begin PBXBuildFile section */
		80E047E41CD92B80005267AE /* LayOutAPI.framework in Frameworks */ = {isa = PBXBuildFile; fileRef = 80E047E21CD92B80005267AE /* LayOutAPI.framework */; };
		80E047E51CD92B80005267AE /* SketchUpAPI.framework in Frameworks */ = {isa = PBXBuildFile; fileRef = 80E047E31CD92B80005267AE /* SketchUpAPI.framework */; };
		80E047E61CD92B89005267AE /* LayOutAPI.framework in CopyFiles */ = {isa = PBXBuildFile; fileRef = 80E047E21CD92B80005267AE /* LayOutAPI.framework */; };
		80E047E71CD92B89005267AE /* SketchUpAPI.framework in CopyFiles */ = {isa = PBXBuildFile; fileRef = 80E047E31CD92B80005267AE /* SketchUpAPI.framework */; };
		85E809D91B581D15007D858D /* main.cpp in Sources */ = {isa = PBXBuildFile; fileRef = 85E809D71B581D15007D858D /* main.cpp */; };
/* End PBXBuildFile section */

/* Begin PBXCopyFilesBuildPhase section */
		85E809C81B581BA9007D858D /* CopyFiles */ = {
			isa = PBXCopyFilesBuildPhase;
			buildActionMask = 12;
			dstPath = "";
			dstSubfolderSpec = 16;
			files = (
				80E047E61CD92B89005267AE /* LayOutAPI.framework in CopyFiles */,
				80E047E71CD92B89005267AE /* SketchUpAPI.framework in CopyFiles */,
			);
			runOnlyForDeploymentPostprocessing = 0;
		};
/* End PBXCopyFilesBuildPhase section */

/* Begin PBXFileReference section */
		80E047E21CD92B80005267AE /* LayOutAPI.framework */ = {isa = PBXFileReference; lastKnownFileType = wrapper.framework; name = LayOutAPI.framework; path = ../../LayOutAPI.framework; sourceTree = "<group>"; };
		80E047E31CD92B80005267AE /* SketchUpAPI.framework */ = {isa = PBXFileReference; lastKnownFileType = wrapper.framework; name = SketchUpAPI.framework; path = ../../SketchUpAPI.framework; sourceTree = "<group>"; };
		85E809CA1B581BA9007D858D /* WritingToALayOutFile */ = {isa = PBXFileReference; explicitFileType = "compiled.mach-o.executable"; includeInIndex = 0; path = WritingToALayOutFile; sourceTree = BUILT_PRODUCTS_DIR; };
		85E809D71B581D15007D858D /* main.cpp */ = {isa = PBXFileReference; fileEncoding = 4; lastKnownFileType = sourcecode.cpp.cpp; path = main.cpp; sourceTree = "<group>"; };
/* End PBXFileReference section */

/* Begin PBXFrameworksBuildPhase section */
		85E809C71B581BA9007D858D /* Frameworks */ = {
			isa = PBXFrameworksBuildPhase;
			buildActionMask = 2147483647;
			files = (
				80E047E51CD92B80005267AE /* SketchUpAPI.framework in Frameworks */,
				80E047E41CD92B80005267AE /* LayOutAPI.framework in Frameworks */,
			);
			runOnlyForDeploymentPostprocessing = 0;
		};
/* End PBXFrameworksBuildPhase section */

/* Begin PBXGroup section */
		80E047E11CD92B72005267AE /* Frameworks */ = {
			isa = PBXGroup;
			children = (
				80E047E21CD92B80005267AE /* LayOutAPI.framework */,
				80E047E31CD92B80005267AE /* SketchUpAPI.framework */,
			);
			name = Frameworks;
			sourceTree = "<group>";
		};
		85E809C11B581BA9007D858D = {
			isa = PBXGroup;
			children = (
				85E809D71B581D15007D858D /* main.cpp */,
				80E047E11CD92B72005267AE /* Frameworks */,
				85E809CB1B581BA9007D858D /* Products */,
			);
			sourceTree = "<group>";
		};
		85E809CB1B581BA9007D858D /* Products */ = {
			isa = PBXGroup;
			children = (
				85E809CA1B581BA9007D858D /* WritingToALayOutFile */,
			);
			name = Products;
			sourceTree = "<group>";
		};
/* End PBXGroup section */

/* Begin PBXNativeTarget section */
		85E809C91B581BA9007D858D /* WritingToALayOutFile */ = {
			isa = PBXNativeTarget;
			buildConfigurationList = 85E809D31B581BA9007D858D /* Build configuration list for PBXNativeTarget "WritingToALayOutFile" */;
			buildPhases = (
				85E809C61B581BA9007D858D /* Sources */,
				85E809C71B581BA9007D858D /* Frameworks */,
				85E809C81B581BA9007D858D /* CopyFiles */,
			);
			buildRules = (
			);
			dependencies = (
			);
			name = WritingToALayOutFile;
			productName = WritingToALayOutFile;
			productReference = 85E809CA1B581BA9007D858D /* WritingToALayOutFile */;
			productType = "com.apple.product-type.tool";
		};
/* End PBXNativeTarget section */

/* Begin PBXProject section */
		85E809C21B581BA9007D858D /* Project object */ = {
			isa = PBXProject;
			attributes = {
				LastUpgradeCheck = 0510;
				ORGANIZATIONNAME = "LayOut Team";
			};
			buildConfigurationList = 85E809C51B581BA9007D858D /* Build configuration list for PBXProject "WritingToALayOutFile" */;
			compatibilityVersion = "Xcode 3.2";
			developmentRegion = English;
			hasScannedForEncodings = 0;
			knownRegions = (
				en,
			);
			mainGroup = 85E809C11B581BA9007D858D;
			productRefGroup = 85E809CB1B581BA9007D858D /* Products */;
			projectDirPath = "";
			projectRoot = "";
			targets = (
				85E809C91B581BA9007D858D /* WritingToALayOutFile */,
			);
		};
/* End PBXProject section */

/* Begin PBXSourcesBuildPhase section */
		85E809C61B581BA9007D858D /* Sources */ = {
			isa = PBXSourcesBuildPhase;
			buildActionMask = 2147483647;
			files = (
				85E809D91B581D15007D858D /* main.cpp in Sources */,
			);
			runOnlyForDeploymentPostprocessing = 0;
		};
/* End PBXSourcesBuildPhase section */

/* Begin XCBuildConfiguration section */
		85E809D11B581BA9007D858D /* Debug */ = {
			isa = XCBuildConfiguration;
			buildSettings = {
				ALWAYS_SEARCH_USER_PATHS = NO;
				CLANG_CXX_LANGUAGE_STANDARD = "gnu++0x";
				CLANG_CXX_LIBRARY = "libc++";
				CLANG_ENABLE_MODULES = YES;
				CLANG_ENABLE_OBJC_ARC = YES;
				CLANG_WARN_BOOL_CONVERSION = YES;
				CLANG_WARN_CONSTANT_CONVERSION = YES;
				CLANG_WARN_DIRECT_OBJC_ISA_USAGE = YES_ERROR;
				CLANG_WARN_EMPTY_BODY = YES;
				CLANG_WARN_ENUM_CONVERSION = YES;
				CLANG_WARN_INT_CONVERSION = YES;
				CLANG_WARN_OBJC_ROOT_CLASS = YES_ERROR;
				CLANG_WARN__DUPLICATE_METHOD_MATCH = YES;
				COPY_PHASE_STRIP = NO;
				GCC_C_LANGUAGE_STANDARD = gnu99;
				GCC_DYNAMIC_NO_PIC = NO;
				GCC_ENABLE_OBJC_EXCEPTIONS = YES;
				GCC_OPTIMIZATION_LEVEL = 0;
				GCC_PREPROCESSOR_DEFINITIONS = (
					"DEBUG=1",
					"$(inherited)",
				);
				GCC_SYMBOLS_PRIVATE_EXTERN = NO;
				GCC_WARN_64_TO_32_BIT_CONVERSION = YES;
				GCC_WARN_ABOUT_RETURN_TYPE = YES_ERROR;
				GCC_WARN_UNDECLARED_SELECTOR = YES;
				GCC_WARN_UNINITIALIZED_AUTOS = YES_AGGRESSIVE;
				GCC_WARN_UNUSED_FUNCTION = YES;
				GCC_WARN_UNUSED_VARIABLE = YES;
				MACOSX_DEPLOYMENT_TARGET = 10.10;
				ONLY_ACTIVE_ARCH = YES;
				SDKROOT = macosx;
			};
			name = Debug;
		};
		85E809D21B581BA9007D858D /* Release */ = {
			isa = XCBuildConfiguration;
			buildSettings = {
				ALWAYS_SEARCH_USER_PATHS = NO;
				CLANG_CXX_LANGUAGE_STANDARD = "gnu++0x";
				CLANG_CXX_LIBRARY = "libc++";
				CLANG_ENABLE_MODULES = YES;
				CLANG_ENABLE_OBJC_ARC = YES;
				CLANG_WARN_BOOL_CONVERSION = YES;
				CLANG_WARN_CONSTANT_CONVERSION = YES;
				CLANG_WARN_DIRECT_OBJC_ISA_USAGE = YES_ERROR;
				CLANG_WARN_EMPTY_BODY = YES;
				CLANG_WARN_ENUM_CONVERSION = YES;
				CLANG_WARN_INT_CONVERSION = YES;
				CLANG_WARN_OBJC_ROOT_CLASS = YES_ERROR;
				CLANG_WARN__DUPLICATE_METHOD_MATCH = YES;
				COPY_PHASE_STRIP = YES;
				DEBUG_INFORMATION_FORMAT = "dwarf-with-dsym";
				ENABLE_NS_ASSERTIONS = NO;
				GCC_C_LANGUAGE_STANDARD = gnu99;
				GCC_ENABLE_OBJC_EXCEPTIONS = YES;
				GCC_WARN_64_TO_32_BIT_CONVERSION = YES;
				GCC_WARN_ABOUT_RETURN_TYPE = YES_ERROR;
				GCC_WARN_UNDECLARED_SELECTOR = YES;
				GCC_WARN_UNINITIALIZED_AUTOS = YES_AGGRESSIVE;
				GCC_WARN_UNUSED_FUNCTION = YES;
				GCC_WARN_UNUSED_VARIABLE = YES;
				MACOSX_DEPLOYMENT_TARGET = 10.10;
				SDKROOT = macosx;
			};
			name = Release;
		};
		85E809D41B581BA9007D858D /* Debug */ = {
			isa = XCBuildConfiguration;
			buildSettings = {
				FRAMEWORK_SEARCH_PATHS = "$(PROJECT_DIR)/../../";
				LD_RUNPATH_SEARCH_PATHS = "@loader_path";
				MACOSX_DEPLOYMENT_TARGET = 10.9;
				PRODUCT_NAME = "$(TARGET_NAME)";
			};
			name = Debug;
		};
		85E809D51B581BA9007D858D /* Release */ = {
			isa = XCBuildConfiguration;
			buildSettings = {
				FRAMEWORK_SEARCH_PATHS = "$(PROJECT_DIR)/../../";
				LD_RUNPATH_SEARCH_PATHS = "@loader_path";
				MACOSX_DEPLOYMENT_TARGET = 10.9;
				PRODUCT_NAME = "$(TARGET_NAME)";
			};
			name = Release;
		};
/* End XCBuildConfiguration section */

/* Begin XCConfigurationList section */
		85E809C51B581BA9007D858D /* Build configuration list for PBXProject "WritingToALayOutFile" */ = {
			isa = XCConfigurationList;
			buildConfigurations = (
				85E809D11B581BA9007D858D /* Debug */,
				85E809D21B581BA9007D858D /* Release */,
			);
			defaultConfigurationIsVisible = 0;
			defaultConfigurationName = Release;
		};
		85E809D31B581BA9007D858D /* Build configuration list for PBXNativeTarget "WritingToALayOutFile" */ = {
			isa = XCConfigurationList;
			buildConfigurations = (
				85E809D41B581BA9007D858D /* Debug */,
				85E809D51B581BA9007D858D /* Release */,
			);
			defaultConfigurationIsVisible = 0;
			defaultConfigurationName = Release;
		};
/* End XCConfigurationList section */
	};
	rootObject = 85E809C21B581BA9007D858D /* Project object */;
}
